// !$*UTF8*$!
{
	archiveVersion = 1;
	classes = {
	};
	objectVersion = 56;
	objects = {

/* Begin PBXBuildFile section */
		005070F02A5B059700B9D97D /* SkeletonView in Frameworks */ = {isa = PBXBuildFile; productRef = 005070EF2A5B059700B9D97D /* SkeletonView */; };
		005070F52A5B29F500B9D97D /* RoundedAlertController.swift in Sources */ = {isa = PBXBuildFile; fileRef = 005070F42A5B29F500B9D97D /* RoundedAlertController.swift */; };
		005070F92A5B389A00B9D97D /* AppBuilder.swift in Sources */ = {isa = PBXBuildFile; fileRef = 005070F82A5B389A00B9D97D /* AppBuilder.swift */; };
		007C1AC52A5A03C700AAE1BC /* UIView + Extension.swift in Sources */ = {isa = PBXBuildFile; fileRef = 007C1AC42A5A03C700AAE1BC /* UIView + Extension.swift */; };
		007C1AC72A5A03E300AAE1BC /* UIColor + Extension.swift in Sources */ = {isa = PBXBuildFile; fileRef = 007C1AC62A5A03E300AAE1BC /* UIColor + Extension.swift */; };
		007C1AC92A5A120E00AAE1BC /* UILabel + Extension.swift in Sources */ = {isa = PBXBuildFile; fileRef = 007C1AC82A5A120D00AAE1BC /* UILabel + Extension.swift */; };
		007C1ACB2A5A133200AAE1BC /* UIStackVIew + Extension.swift in Sources */ = {isa = PBXBuildFile; fileRef = 007C1ACA2A5A133200AAE1BC /* UIStackVIew + Extension.swift */; };
		007C1ACD2A5A19C700AAE1BC /* TimeInterval + Extension.swift in Sources */ = {isa = PBXBuildFile; fileRef = 007C1ACC2A5A19C700AAE1BC /* TimeInterval + Extension.swift */; };
		00F7F3F92A5869C0005364EF /* AppDelegate.swift in Sources */ = {isa = PBXBuildFile; fileRef = 00F7F3F82A5869C0005364EF /* AppDelegate.swift */; };
		00F7F3FB2A5869C0005364EF /* SceneDelegate.swift in Sources */ = {isa = PBXBuildFile; fileRef = 00F7F3FA2A5869C0005364EF /* SceneDelegate.swift */; };
		00F7F3FD2A5869C0005364EF /* DeviceViewController.swift in Sources */ = {isa = PBXBuildFile; fileRef = 00F7F3FC2A5869C0005364EF /* DeviceViewController.swift */; };
		00F7F4022A5869C2005364EF /* Assets.xcassets in Resources */ = {isa = PBXBuildFile; fileRef = 00F7F4012A5869C2005364EF /* Assets.xcassets */; };
		00F7F4052A5869C2005364EF /* LaunchScreen.storyboard in Resources */ = {isa = PBXBuildFile; fileRef = 00F7F4032A5869C2005364EF /* LaunchScreen.storyboard */; };
		00F7F40E2A586B4B005364EF /* SnapKit in Frameworks */ = {isa = PBXBuildFile; productRef = 00F7F40D2A586B4B005364EF /* SnapKit */; };
		00F7F4152A586E14005364EF /* DeviceModel.swift in Sources */ = {isa = PBXBuildFile; fileRef = 00F7F4142A586E14005364EF /* DeviceModel.swift */; };
		00F7F4172A586E46005364EF /* NetworkManager.swift in Sources */ = {isa = PBXBuildFile; fileRef = 00F7F4162A586E46005364EF /* NetworkManager.swift */; };
		00F7F4192A58704C005364EF /* DevicesPresenter.swift in Sources */ = {isa = PBXBuildFile; fileRef = 00F7F4182A58704C005364EF /* DevicesPresenter.swift */; };
		00F7F41B2A587464005364EF /* MainCell.swift in Sources */ = {isa = PBXBuildFile; fileRef = 00F7F41A2A587464005364EF /* MainCell.swift */; };
/* End PBXBuildFile section */

/* Begin PBXFileReference section */
		005070F42A5B29F500B9D97D /* RoundedAlertController.swift */ = {isa = PBXFileReference; lastKnownFileType = sourcecode.swift; path = RoundedAlertController.swift; sourceTree = "<group>"; };
		005070F82A5B389A00B9D97D /* AppBuilder.swift */ = {isa = PBXFileReference; lastKnownFileType = sourcecode.swift; path = AppBuilder.swift; sourceTree = "<group>"; };
		007C1AC42A5A03C700AAE1BC /* UIView + Extension.swift */ = {isa = PBXFileReference; lastKnownFileType = sourcecode.swift; path = "UIView + Extension.swift"; sourceTree = "<group>"; };
		007C1AC62A5A03E300AAE1BC /* UIColor + Extension.swift */ = {isa = PBXFileReference; lastKnownFileType = sourcecode.swift; path = "UIColor + Extension.swift"; sourceTree = "<group>"; };
		007C1AC82A5A120D00AAE1BC /* UILabel + Extension.swift */ = {isa = PBXFileReference; lastKnownFileType = sourcecode.swift; path = "UILabel + Extension.swift"; sourceTree = "<group>"; };
		007C1ACA2A5A133200AAE1BC /* UIStackVIew + Extension.swift */ = {isa = PBXFileReference; lastKnownFileType = sourcecode.swift; path = "UIStackVIew + Extension.swift"; sourceTree = "<group>"; };
		007C1ACC2A5A19C700AAE1BC /* TimeInterval + Extension.swift */ = {isa = PBXFileReference; lastKnownFileType = sourcecode.swift; path = "TimeInterval + Extension.swift"; sourceTree = "<group>"; };
		00F7F3F52A5869C0005364EF /* SmartThingsTestTask.app */ = {isa = PBXFileReference; explicitFileType = wrapper.application; includeInIndex = 0; path = SmartThingsTestTask.app; sourceTree = BUILT_PRODUCTS_DIR; };
		00F7F3F82A5869C0005364EF /* AppDelegate.swift */ = {isa = PBXFileReference; lastKnownFileType = sourcecode.swift; path = AppDelegate.swift; sourceTree = "<group>"; };
		00F7F3FA2A5869C0005364EF /* SceneDelegate.swift */ = {isa = PBXFileReference; lastKnownFileType = sourcecode.swift; path = SceneDelegate.swift; sourceTree = "<group>"; };
		00F7F3FC2A5869C0005364EF /* DeviceViewController.swift */ = {isa = PBXFileReference; lastKnownFileType = sourcecode.swift; path = DeviceViewController.swift; sourceTree = "<group>"; };
		00F7F4012A5869C2005364EF /* Assets.xcassets */ = {isa = PBXFileReference; lastKnownFileType = folder.assetcatalog; path = Assets.xcassets; sourceTree = "<group>"; };
		00F7F4042A5869C2005364EF /* Base */ = {isa = PBXFileReference; lastKnownFileType = file.storyboard; name = Base; path = Base.lproj/LaunchScreen.storyboard; sourceTree = "<group>"; };
		00F7F4062A5869C2005364EF /* Info.plist */ = {isa = PBXFileReference; lastKnownFileType = text.plist.xml; path = Info.plist; sourceTree = "<group>"; };
		00F7F4142A586E14005364EF /* DeviceModel.swift */ = {isa = PBXFileReference; lastKnownFileType = sourcecode.swift; path = DeviceModel.swift; sourceTree = "<group>"; };
		00F7F4162A586E46005364EF /* NetworkManager.swift */ = {isa = PBXFileReference; lastKnownFileType = sourcecode.swift; path = NetworkManager.swift; sourceTree = "<group>"; };
		00F7F4182A58704C005364EF /* DevicesPresenter.swift */ = {isa = PBXFileReference; lastKnownFileType = sourcecode.swift; path = DevicesPresenter.swift; sourceTree = "<group>"; };
		00F7F41A2A587464005364EF /* MainCell.swift */ = {isa = PBXFileReference; lastKnownFileType = sourcecode.swift; path = MainCell.swift; sourceTree = "<group>"; };
/* End PBXFileReference section */

/* Begin PBXFrameworksBuildPhase section */
		00F7F3F22A5869C0005364EF /* Frameworks */ = {
			isa = PBXFrameworksBuildPhase;
			buildActionMask = 2147483647;
			files = (
				00F7F40E2A586B4B005364EF /* SnapKit in Frameworks */,
				005070F02A5B059700B9D97D /* SkeletonView in Frameworks */,
			);
			runOnlyForDeploymentPostprocessing = 0;
		};
/* End PBXFrameworksBuildPhase section */

/* Begin PBXGroup section */
		005070F12A5B29C600B9D97D /* SupportFile */ = {
			isa = PBXGroup;
			children = (
				005070F32A5B29E300B9D97D /* AlertController */,
				007C1AC32A5A03B700AAE1BC /* Extension */,
			);
			path = SupportFile;
			sourceTree = "<group>";
		};
		005070F32A5B29E300B9D97D /* AlertController */ = {
			isa = PBXGroup;
			children = (
				005070F42A5B29F500B9D97D /* RoundedAlertController.swift */,
			);
			path = AlertController;
			sourceTree = "<group>";
		};
		005070F62A5B2A3E00B9D97D /* Cell */ = {
			isa = PBXGroup;
			children = (
				00F7F41A2A587464005364EF /* MainCell.swift */,
			);
			path = Cell;
			sourceTree = "<group>";
		};
		005070F72A5B2A4200B9D97D /* Presenter */ = {
			isa = PBXGroup;
			children = (
				00F7F4182A58704C005364EF /* DevicesPresenter.swift */,
			);
			path = Presenter;
			sourceTree = "<group>";
		};
		007C1AC32A5A03B700AAE1BC /* Extension */ = {
			isa = PBXGroup;
			children = (
				007C1AC42A5A03C700AAE1BC /* UIView + Extension.swift */,
				007C1AC62A5A03E300AAE1BC /* UIColor + Extension.swift */,
				007C1AC82A5A120D00AAE1BC /* UILabel + Extension.swift */,
				007C1ACA2A5A133200AAE1BC /* UIStackVIew + Extension.swift */,
				007C1ACC2A5A19C700AAE1BC /* TimeInterval + Extension.swift */,
			);
			path = Extension;
			sourceTree = "<group>";
		};
		00F7F3EC2A5869C0005364EF = {
			isa = PBXGroup;
			children = (
				00F7F3F72A5869C0005364EF /* SmartThingsTestTask */,
				00F7F3F62A5869C0005364EF /* Products */,
			);
			sourceTree = "<group>";
		};
		00F7F3F62A5869C0005364EF /* Products */ = {
			isa = PBXGroup;
			children = (
				00F7F3F52A5869C0005364EF /* SmartThingsTestTask.app */,
			);
			name = Products;
			sourceTree = "<group>";
		};
		00F7F3F72A5869C0005364EF /* SmartThingsTestTask */ = {
			isa = PBXGroup;
			children = (
				00F7F4112A586DF3005364EF /* Controller */,
				00F7F4122A586DFF005364EF /* Model */,
				00F7F4132A586E04005364EF /* Service */,
				00F7F4102A586DED005364EF /* App */,
				005070F12A5B29C600B9D97D /* SupportFile */,
				00F7F40F2A586DDE005364EF /* Resources */,
				00F7F4032A5869C2005364EF /* LaunchScreen.storyboard */,
				00F7F4062A5869C2005364EF /* Info.plist */,
			);
			path = SmartThingsTestTask;
			sourceTree = "<group>";
		};
		00F7F40F2A586DDE005364EF /* Resources */ = {
			isa = PBXGroup;
			children = (
				00F7F4012A5869C2005364EF /* Assets.xcassets */,
			);
			path = Resources;
			sourceTree = "<group>";
		};
		00F7F4102A586DED005364EF /* App */ = {
			isa = PBXGroup;
			children = (
				00F7F3F82A5869C0005364EF /* AppDelegate.swift */,
				00F7F3FA2A5869C0005364EF /* SceneDelegate.swift */,
				005070F82A5B389A00B9D97D /* AppBuilder.swift */,
			);
			path = App;
			sourceTree = "<group>";
		};
		00F7F4112A586DF3005364EF /* Controller */ = {
			isa = PBXGroup;
			children = (
				00F7F3FC2A5869C0005364EF /* DeviceViewController.swift */,
				005070F72A5B2A4200B9D97D /* Presenter */,
				005070F62A5B2A3E00B9D97D /* Cell */,
			);
			path = Controller;
			sourceTree = "<group>";
		};
		00F7F4122A586DFF005364EF /* Model */ = {
			isa = PBXGroup;
			children = (
				00F7F4142A586E14005364EF /* DeviceModel.swift */,
			);
			path = Model;
			sourceTree = "<group>";
		};
		00F7F4132A586E04005364EF /* Service */ = {
			isa = PBXGroup;
			children = (
				00F7F4162A586E46005364EF /* NetworkManager.swift */,
			);
			path = Service;
			sourceTree = "<group>";
		};
/* End PBXGroup section */

/* Begin PBXNativeTarget section */
		00F7F3F42A5869C0005364EF /* SmartThingsTestTask */ = {
			isa = PBXNativeTarget;
			buildConfigurationList = 00F7F4092A5869C2005364EF /* Build configuration list for PBXNativeTarget "SmartThingsTestTask" */;
			buildPhases = (
				00F7F3F12A5869C0005364EF /* Sources */,
				00F7F3F22A5869C0005364EF /* Frameworks */,
				00F7F3F32A5869C0005364EF /* Resources */,
			);
			buildRules = (
			);
			dependencies = (
			);
			name = SmartThingsTestTask;
			packageProductDependencies = (
				00F7F40D2A586B4B005364EF /* SnapKit */,
				005070EF2A5B059700B9D97D /* SkeletonView */,
			);
			productName = SmartThingsTestTask;
			productReference = 00F7F3F52A5869C0005364EF /* SmartThingsTestTask.app */;
			productType = "com.apple.product-type.application";
		};
/* End PBXNativeTarget section */

/* Begin PBXProject section */
		00F7F3ED2A5869C0005364EF /* Project object */ = {
			isa = PBXProject;
			attributes = {
				BuildIndependentTargetsInParallel = 1;
				LastSwiftUpdateCheck = 1420;
				LastUpgradeCheck = 1420;
				TargetAttributes = {
					00F7F3F42A5869C0005364EF = {
						CreatedOnToolsVersion = 14.2;
					};
				};
			};
			buildConfigurationList = 00F7F3F02A5869C0005364EF /* Build configuration list for PBXProject "SmartThingsTestTask" */;
			compatibilityVersion = "Xcode 14.0";
			developmentRegion = en;
			hasScannedForEncodings = 0;
			knownRegions = (
				en,
				Base,
			);
			mainGroup = 00F7F3EC2A5869C0005364EF;
			packageReferences = (
				00F7F40C2A586B4B005364EF /* XCRemoteSwiftPackageReference "SnapKit" */,
				005070EE2A5B059600B9D97D /* XCRemoteSwiftPackageReference "SkeletonView" */,
			);
			productRefGroup = 00F7F3F62A5869C0005364EF /* Products */;
			projectDirPath = "";
			projectRoot = "";
			targets = (
				00F7F3F42A5869C0005364EF /* SmartThingsTestTask */,
			);
		};
/* End PBXProject section */

/* Begin PBXResourcesBuildPhase section */
		00F7F3F32A5869C0005364EF /* Resources */ = {
			isa = PBXResourcesBuildPhase;
			buildActionMask = 2147483647;
			files = (
				00F7F4052A5869C2005364EF /* LaunchScreen.storyboard in Resources */,
				00F7F4022A5869C2005364EF /* Assets.xcassets in Resources */,
			);
			runOnlyForDeploymentPostprocessing = 0;
		};
/* End PBXResourcesBuildPhase section */

/* Begin PBXSourcesBuildPhase section */
		00F7F3F12A5869C0005364EF /* Sources */ = {
			isa = PBXSourcesBuildPhase;
			buildActionMask = 2147483647;
			files = (
				007C1AC72A5A03E300AAE1BC /* UIColor + Extension.swift in Sources */,
				00F7F3FD2A5869C0005364EF /* DeviceViewController.swift in Sources */,
				00F7F41B2A587464005364EF /* MainCell.swift in Sources */,
				00F7F4192A58704C005364EF /* DevicesPresenter.swift in Sources */,
				00F7F4152A586E14005364EF /* DeviceModel.swift in Sources */,
				007C1AC52A5A03C700AAE1BC /* UIView + Extension.swift in Sources */,
				007C1AC92A5A120E00AAE1BC /* UILabel + Extension.swift in Sources */,
				005070F52A5B29F500B9D97D /* RoundedAlertController.swift in Sources */,
				007C1ACB2A5A133200AAE1BC /* UIStackVIew + Extension.swift in Sources */,
				005070F92A5B389A00B9D97D /* AppBuilder.swift in Sources */,
				00F7F4172A586E46005364EF /* NetworkManager.swift in Sources */,
				007C1ACD2A5A19C700AAE1BC /* TimeInterval + Extension.swift in Sources */,
				00F7F3F92A5869C0005364EF /* AppDelegate.swift in Sources */,
				00F7F3FB2A5869C0005364EF /* SceneDelegate.swift in Sources */,
			);
			runOnlyForDeploymentPostprocessing = 0;
		};
/* End PBXSourcesBuildPhase section */

/* Begin PBXVariantGroup section */
		00F7F4032A5869C2005364EF /* LaunchScreen.storyboard */ = {
			isa = PBXVariantGroup;
			children = (
				00F7F4042A5869C2005364EF /* Base */,
			);
			name = LaunchScreen.storyboard;
			sourceTree = "<group>";
		};
/* End PBXVariantGroup section */

/* Begin XCBuildConfiguration section */
		00F7F4072A5869C2005364EF /* Debug */ = {
			isa = XCBuildConfiguration;
			buildSettings = {
				ALWAYS_SEARCH_USER_PATHS = NO;
				CLANG_ANALYZER_NONNULL = YES;
				CLANG_ANALYZER_NUMBER_OBJECT_CONVERSION = YES_AGGRESSIVE;
				CLANG_CXX_LANGUAGE_STANDARD = "gnu++20";
				CLANG_ENABLE_MODULES = YES;
				CLANG_ENABLE_OBJC_ARC = YES;
				CLANG_ENABLE_OBJC_WEAK = YES;
				CLANG_WARN_BLOCK_CAPTURE_AUTORELEASING = YES;
				CLANG_WARN_BOOL_CONVERSION = YES;
				CLANG_WARN_COMMA = YES;
				CLANG_WARN_CONSTANT_CONVERSION = YES;
				CLANG_WARN_DEPRECATED_OBJC_IMPLEMENTATIONS = YES;
				CLANG_WARN_DIRECT_OBJC_ISA_USAGE = YES_ERROR;
				CLANG_WARN_DOCUMENTATION_COMMENTS = YES;
				CLANG_WARN_EMPTY_BODY = YES;
				CLANG_WARN_ENUM_CONVERSION = YES;
				CLANG_WARN_INFINITE_RECURSION = YES;
				CLANG_WARN_INT_CONVERSION = YES;
				CLANG_WARN_NON_LITERAL_NULL_CONVERSION = YES;
				CLANG_WARN_OBJC_IMPLICIT_RETAIN_SELF = YES;
				CLANG_WARN_OBJC_LITERAL_CONVERSION = YES;
				CLANG_WARN_OBJC_ROOT_CLASS = YES_ERROR;
				CLANG_WARN_QUOTED_INCLUDE_IN_FRAMEWORK_HEADER = YES;
				CLANG_WARN_RANGE_LOOP_ANALYSIS = YES;
				CLANG_WARN_STRICT_PROTOTYPES = YES;
				CLANG_WARN_SUSPICIOUS_MOVE = YES;
				CLANG_WARN_UNGUARDED_AVAILABILITY = YES_AGGRESSIVE;
				CLANG_WARN_UNREACHABLE_CODE = YES;
				CLANG_WARN__DUPLICATE_METHOD_MATCH = YES;
				COPY_PHASE_STRIP = NO;
				DEBUG_INFORMATION_FORMAT = dwarf;
				ENABLE_STRICT_OBJC_MSGSEND = YES;
				ENABLE_TESTABILITY = YES;
				GCC_C_LANGUAGE_STANDARD = gnu11;
				GCC_DYNAMIC_NO_PIC = NO;
				GCC_NO_COMMON_BLOCKS = YES;
				GCC_OPTIMIZATION_LEVEL = 0;
				GCC_PREPROCESSOR_DEFINITIONS = (
					"DEBUG=1",
					"$(inherited)",
				);
				GCC_WARN_64_TO_32_BIT_CONVERSION = YES;
				GCC_WARN_ABOUT_RETURN_TYPE = YES_ERROR;
				GCC_WARN_UNDECLARED_SELECTOR = YES;
				GCC_WARN_UNINITIALIZED_AUTOS = YES_AGGRESSIVE;
				GCC_WARN_UNUSED_FUNCTION = YES;
				GCC_WARN_UNUSED_VARIABLE = YES;
				IPHONEOS_DEPLOYMENT_TARGET = 16.2;
				MTL_ENABLE_DEBUG_INFO = INCLUDE_SOURCE;
				MTL_FAST_MATH = YES;
				ONLY_ACTIVE_ARCH = YES;
				SDKROOT = iphoneos;
				SWIFT_ACTIVE_COMPILATION_CONDITIONS = DEBUG;
				SWIFT_OPTIMIZATION_LEVEL = "-Onone";
			};
			name = Debug;
		};
		00F7F4082A5869C2005364EF /* Release */ = {
			isa = XCBuildConfiguration;
			buildSettings = {
				ALWAYS_SEARCH_USER_PATHS = NO;
				CLANG_ANALYZER_NONNULL = YES;
				CLANG_ANALYZER_NUMBER_OBJECT_CONVERSION = YES_AGGRESSIVE;
				CLANG_CXX_LANGUAGE_STANDARD = "gnu++20";
				CLANG_ENABLE_MODULES = YES;
				CLANG_ENABLE_OBJC_ARC = YES;
				CLANG_ENABLE_OBJC_WEAK = YES;
				CLANG_WARN_BLOCK_CAPTURE_AUTORELEASING = YES;
				CLANG_WARN_BOOL_CONVERSION = YES;
				CLANG_WARN_COMMA = YES;
				CLANG_WARN_CONSTANT_CONVERSION = YES;
				CLANG_WARN_DEPRECATED_OBJC_IMPLEMENTATIONS = YES;
				CLANG_WARN_DIRECT_OBJC_ISA_USAGE = YES_ERROR;
				CLANG_WARN_DOCUMENTATION_COMMENTS = YES;
				CLANG_WARN_EMPTY_BODY = YES;
				CLANG_WARN_ENUM_CONVERSION = YES;
				CLANG_WARN_INFINITE_RECURSION = YES;
				CLANG_WARN_INT_CONVERSION = YES;
				CLANG_WARN_NON_LITERAL_NULL_CONVERSION = YES;
				CLANG_WARN_OBJC_IMPLICIT_RETAIN_SELF = YES;
				CLANG_WARN_OBJC_LITERAL_CONVERSION = YES;
				CLANG_WARN_OBJC_ROOT_CLASS = YES_ERROR;
				CLANG_WARN_QUOTED_INCLUDE_IN_FRAMEWORK_HEADER = YES;
				CLANG_WARN_RANGE_LOOP_ANALYSIS = YES;
				CLANG_WARN_STRICT_PROTOTYPES = YES;
				CLANG_WARN_SUSPICIOUS_MOVE = YES;
				CLANG_WARN_UNGUARDED_AVAILABILITY = YES_AGGRESSIVE;
				CLANG_WARN_UNREACHABLE_CODE = YES;
				CLANG_WARN__DUPLICATE_METHOD_MATCH = YES;
				COPY_PHASE_STRIP = NO;
				DEBUG_INFORMATION_FORMAT = "dwarf-with-dsym";
				ENABLE_NS_ASSERTIONS = NO;
				ENABLE_STRICT_OBJC_MSGSEND = YES;
				GCC_C_LANGUAGE_STANDARD = gnu11;
				GCC_NO_COMMON_BLOCKS = YES;
				GCC_WARN_64_TO_32_BIT_CONVERSION = YES;
				GCC_WARN_ABOUT_RETURN_TYPE = YES_ERROR;
				GCC_WARN_UNDECLARED_SELECTOR = YES;
				GCC_WARN_UNINITIALIZED_AUTOS = YES_AGGRESSIVE;
				GCC_WARN_UNUSED_FUNCTION = YES;
				GCC_WARN_UNUSED_VARIABLE = YES;
				IPHONEOS_DEPLOYMENT_TARGET = 16.2;
				MTL_ENABLE_DEBUG_INFO = NO;
				MTL_FAST_MATH = YES;
				SDKROOT = iphoneos;
				SWIFT_COMPILATION_MODE = wholemodule;
				SWIFT_OPTIMIZATION_LEVEL = "-O";
				VALIDATE_PRODUCT = YES;
			};
			name = Release;
		};
		00F7F40A2A5869C2005364EF /* Debug */ = {
			isa = XCBuildConfiguration;
			buildSettings = {
				ASSETCATALOG_COMPILER_APPICON_NAME = AppIcon;
				ASSETCATALOG_COMPILER_GLOBAL_ACCENT_COLOR_NAME = AccentColor;
				CODE_SIGN_STYLE = Automatic;
				CURRENT_PROJECT_VERSION = 1;
				DEVELOPMENT_TEAM = W9FSXFWG34;
				GENERATE_INFOPLIST_FILE = YES;
				INFOPLIST_FILE = SmartThingsTestTask/Info.plist;
				INFOPLIST_KEY_UIApplicationSupportsIndirectInputEvents = YES;
				INFOPLIST_KEY_UILaunchStoryboardName = LaunchScreen;
				INFOPLIST_KEY_UISupportedInterfaceOrientations_iPad = "UIInterfaceOrientationPortrait UIInterfaceOrientationPortraitUpsideDown UIInterfaceOrientationLandscapeLeft UIInterfaceOrientationLandscapeRight";
				INFOPLIST_KEY_UISupportedInterfaceOrientations_iPhone = "UIInterfaceOrientationPortrait UIInterfaceOrientationLandscapeLeft UIInterfaceOrientationLandscapeRight";
				LD_RUNPATH_SEARCH_PATHS = (
					"$(inherited)",
					"@executable_path/Frameworks",
				);
				MARKETING_VERSION = 1.0;
				PRODUCT_BUNDLE_IDENTIFIER = com.b09f4f20c8cc3a10.SmartThingsTestTask;
				PRODUCT_NAME = "$(TARGET_NAME)";
				SWIFT_EMIT_LOC_STRINGS = YES;
				SWIFT_VERSION = 5.0;
				TARGETED_DEVICE_FAMILY = "1,2";
			};
			name = Debug;
		};
		00F7F40B2A5869C2005364EF /* Release */ = {
			isa = XCBuildConfiguration;
			buildSettings = {
				ASSETCATALOG_COMPILER_APPICON_NAME = AppIcon;
				ASSETCATALOG_COMPILER_GLOBAL_ACCENT_COLOR_NAME = AccentColor;
				CODE_SIGN_STYLE = Automatic;
				CURRENT_PROJECT_VERSION = 1;
				DEVELOPMENT_TEAM = W9FSXFWG34;
				GENERATE_INFOPLIST_FILE = YES;
				INFOPLIST_FILE = SmartThingsTestTask/Info.plist;
				INFOPLIST_KEY_UIApplicationSupportsIndirectInputEvents = YES;
				INFOPLIST_KEY_UILaunchStoryboardName = LaunchScreen;
				INFOPLIST_KEY_UISupportedInterfaceOrientations_iPad = "UIInterfaceOrientationPortrait UIInterfaceOrientationPortraitUpsideDown UIInterfaceOrientationLandscapeLeft UIInterfaceOrientationLandscapeRight";
				INFOPLIST_KEY_UISupportedInterfaceOrientations_iPhone = "UIInterfaceOrientationPortrait UIInterfaceOrientationLandscapeLeft UIInterfaceOrientationLandscapeRight";
				LD_RUNPATH_SEARCH_PATHS = (
					"$(inherited)",
					"@executable_path/Frameworks",
				);
				MARKETING_VERSION = 1.0;
				PRODUCT_BUNDLE_IDENTIFIER = com.b09f4f20c8cc3a10.SmartThingsTestTask;
				PRODUCT_NAME = "$(TARGET_NAME)";
				SWIFT_EMIT_LOC_STRINGS = YES;
				SWIFT_VERSION = 5.0;
				TARGETED_DEVICE_FAMILY = "1,2";
			};
			name = Release;
		};
/* End XCBuildConfiguration section */

/* Begin XCConfigurationList section */
		00F7F3F02A5869C0005364EF /* Build configuration list for PBXProject "SmartThingsTestTask" */ = {
			isa = XCConfigurationList;
			buildConfigurations = (
				00F7F4072A5869C2005364EF /* Debug */,
				00F7F4082A5869C2005364EF /* Release */,
			);
			defaultConfigurationIsVisible = 0;
			defaultConfigurationName = Release;
		};
		00F7F4092A5869C2005364EF /* Build configuration list for PBXNativeTarget "SmartThingsTestTask" */ = {
			isa = XCConfigurationList;
			buildConfigurations = (
				00F7F40A2A5869C2005364EF /* Debug */,
				00F7F40B2A5869C2005364EF /* Release */,
			);
			defaultConfigurationIsVisible = 0;
			defaultConfigurationName = Release;
		};
/* End XCConfigurationList section */

/* Begin XCRemoteSwiftPackageReference section */
		005070EE2A5B059600B9D97D /* XCRemoteSwiftPackageReference "SkeletonView" */ = {
			isa = XCRemoteSwiftPackageReference;
			repositoryURL = "https://github.com/Juanpe/SkeletonView.git";
			requirement = {
				kind = upToNextMajorVersion;
				minimumVersion = 1.30.0;
			};
		};
		00F7F40C2A586B4B005364EF /* XCRemoteSwiftPackageReference "SnapKit" */ = {
			isa = XCRemoteSwiftPackageReference;
			repositoryURL = "https://github.com/SnapKit/SnapKit.git";
			requirement = {
				kind = upToNextMajorVersion;
				minimumVersion = 5.6.0;
			};
		};
/* End XCRemoteSwiftPackageReference section */

/* Begin XCSwiftPackageProductDependency section */
		005070EF2A5B059700B9D97D /* SkeletonView */ = {
			isa = XCSwiftPackageProductDependency;
			package = 005070EE2A5B059600B9D97D /* XCRemoteSwiftPackageReference "SkeletonView" */;
			productName = SkeletonView;
		};
		00F7F40D2A586B4B005364EF /* SnapKit */ = {
			isa = XCSwiftPackageProductDependency;
			package = 00F7F40C2A586B4B005364EF /* XCRemoteSwiftPackageReference "SnapKit" */;
			productName = SnapKit;
		};
/* End XCSwiftPackageProductDependency section */
	};
	rootObject = 00F7F3ED2A5869C0005364EF /* Project object */;
}
